// !$*UTF8*$!
{
	archiveVersion = 1;
	classes = {
	};
	objectVersion = 50;
	objects = {

/* Begin PBXBuildFile section */
		EE1963E3261CD033003C6DF8 /* AppDelegate.swift in Sources */ = {isa = PBXBuildFile; fileRef = EE1963E2261CD033003C6DF8 /* AppDelegate.swift */; };
		EE1963E5261CD033003C6DF8 /* SceneDelegate.swift in Sources */ = {isa = PBXBuildFile; fileRef = EE1963E4261CD033003C6DF8 /* SceneDelegate.swift */; };
		EE1963E7261CD033003C6DF8 /* ViewController.swift in Sources */ = {isa = PBXBuildFile; fileRef = EE1963E6261CD033003C6DF8 /* ViewController.swift */; };
		EE1963EA261CD033003C6DF8 /* Main.storyboard in Resources */ = {isa = PBXBuildFile; fileRef = EE1963E8261CD033003C6DF8 /* Main.storyboard */; };
		EE1963EC261CD036003C6DF8 /* Assets.xcassets in Resources */ = {isa = PBXBuildFile; fileRef = EE1963EB261CD036003C6DF8 /* Assets.xcassets */; };
		EE1963EF261CD036003C6DF8 /* LaunchScreen.storyboard in Resources */ = {isa = PBXBuildFile; fileRef = EE1963ED261CD036003C6DF8 /* LaunchScreen.storyboard */; };
		EE196402261CE24A003C6DF8 /* Question.swift in Sources */ = {isa = PBXBuildFile; fileRef = EE196401261CE24A003C6DF8 /* Question.swift */; };
/* End PBXBuildFile section */

/* Begin PBXFileReference section */
		EE1963DF261CD033003C6DF8 /* Personal Quiz.app */ = {isa = PBXFileReference; explicitFileType = wrapper.application; includeInIndex = 0; path = "Personal Quiz.app"; sourceTree = BUILT_PRODUCTS_DIR; };
		EE1963E2261CD033003C6DF8 /* AppDelegate.swift */ = {isa = PBXFileReference; lastKnownFileType = sourcecode.swift; path = AppDelegate.swift; sourceTree = "<group>"; };
		EE1963E4261CD033003C6DF8 /* SceneDelegate.swift */ = {isa = PBXFileReference; lastKnownFileType = sourcecode.swift; path = SceneDelegate.swift; sourceTree = "<group>"; };
		EE1963E6261CD033003C6DF8 /* ViewController.swift */ = {isa = PBXFileReference; lastKnownFileType = sourcecode.swift; path = ViewController.swift; sourceTree = "<group>"; };
		EE1963E9261CD033003C6DF8 /* Base */ = {isa = PBXFileReference; lastKnownFileType = file.storyboard; name = Base; path = Base.lproj/Main.storyboard; sourceTree = "<group>"; };
		EE1963EB261CD036003C6DF8 /* Assets.xcassets */ = {isa = PBXFileReference; lastKnownFileType = folder.assetcatalog; path = Assets.xcassets; sourceTree = "<group>"; };
		EE1963EE261CD036003C6DF8 /* Base */ = {isa = PBXFileReference; lastKnownFileType = file.storyboard; name = Base; path = Base.lproj/LaunchScreen.storyboard; sourceTree = "<group>"; };
		EE1963F0261CD036003C6DF8 /* Info.plist */ = {isa = PBXFileReference; lastKnownFileType = text.plist.xml; path = Info.plist; sourceTree = "<group>"; };
		EE196401261CE24A003C6DF8 /* Question.swift */ = {isa = PBXFileReference; lastKnownFileType = sourcecode.swift; path = Question.swift; sourceTree = "<group>"; };
/* End PBXFileReference section */

/* Begin PBXFrameworksBuildPhase section */
		EE1963DC261CD033003C6DF8 /* Frameworks */ = {
			isa = PBXFrameworksBuildPhase;
			buildActionMask = 2147483647;
			files = (
			);
			runOnlyForDeploymentPostprocessing = 0;
		};
/* End PBXFrameworksBuildPhase section */

/* Begin PBXGroup section */
		EE1963D6261CD033003C6DF8 = {
			isa = PBXGroup;
			children = (
				EE1963E1261CD033003C6DF8 /* Personal Quiz */,
				EE1963E0261CD033003C6DF8 /* Products */,
			);
			sourceTree = "<group>";
		};
		EE1963E0261CD033003C6DF8 /* Products */ = {
			isa = PBXGroup;
			children = (
				EE1963DF261CD033003C6DF8 /* Personal Quiz.app */,
			);
			name = Products;
			sourceTree = "<group>";
		};
		EE1963E1261CD033003C6DF8 /* Personal Quiz */ = {
			isa = PBXGroup;
			children = (
				EE1963FA261CE0A6003C6DF8 /* ViewControllers */,
				EE1963F9261CE067003C6DF8 /* Models */,
				EE1963FC261CE0D5003C6DF8 /* Storyboards */,
				EE1963FF261CE137003C6DF8 /* Supports */,
				EE1963FE261CE117003C6DF8 /* Resources */,
			);
			path = "Personal Quiz";
			sourceTree = "<group>";
		};
		EE1963F9261CE067003C6DF8 /* Models */ = {
			isa = PBXGroup;
			children = (
				EE196401261CE24A003C6DF8 /* Question.swift */,
			);
			path = Models;
			sourceTree = "<group>";
		};
		EE1963FA261CE0A6003C6DF8 /* ViewControllers */ = {
			isa = PBXGroup;
			children = (
				EE1963E6261CD033003C6DF8 /* ViewController.swift */,
			);
			path = ViewControllers;
			sourceTree = "<group>";
		};
		EE1963FC261CE0D5003C6DF8 /* Storyboards */ = {
			isa = PBXGroup;
			children = (
				EE1963E8261CD033003C6DF8 /* Main.storyboard */,
				EE1963ED261CD036003C6DF8 /* LaunchScreen.storyboard */,
			);
			path = Storyboards;
			sourceTree = "<group>";
		};
		EE1963FE261CE117003C6DF8 /* Resources */ = {
			isa = PBXGroup;
			children = (
				EE1963EB261CD036003C6DF8 /* Assets.xcassets */,
			);
			path = Resources;
			sourceTree = "<group>";
		};
		EE1963FF261CE137003C6DF8 /* Supports */ = {
			isa = PBXGroup;
			children = (
				EE1963E2261CD033003C6DF8 /* AppDelegate.swift */,
				EE1963E4261CD033003C6DF8 /* SceneDelegate.swift */,
				EE1963F0261CD036003C6DF8 /* Info.plist */,
			);
			path = Supports;
			sourceTree = "<group>";
		};
/* End PBXGroup section */

/* Begin PBXNativeTarget section */
		EE1963DE261CD033003C6DF8 /* Personal Quiz */ = {
			isa = PBXNativeTarget;
			buildConfigurationList = EE1963F3261CD036003C6DF8 /* Build configuration list for PBXNativeTarget "Personal Quiz" */;
			buildPhases = (
				EE1963DB261CD033003C6DF8 /* Sources */,
				EE1963DC261CD033003C6DF8 /* Frameworks */,
				EE1963DD261CD033003C6DF8 /* Resources */,
			);
			buildRules = (
			);
			dependencies = (
			);
			name = "Personal Quiz";
			productName = "Personal Quiz";
			productReference = EE1963DF261CD033003C6DF8 /* Personal Quiz.app */;
			productType = "com.apple.product-type.application";
		};
/* End PBXNativeTarget section */

/* Begin PBXProject section */
		EE1963D7261CD033003C6DF8 /* Project object */ = {
			isa = PBXProject;
			attributes = {
				LastSwiftUpdateCheck = 1240;
				LastUpgradeCheck = 1240;
				TargetAttributes = {
					EE1963DE261CD033003C6DF8 = {
						CreatedOnToolsVersion = 12.4;
					};
				};
			};
			buildConfigurationList = EE1963DA261CD033003C6DF8 /* Build configuration list for PBXProject "Personal Quiz" */;
			compatibilityVersion = "Xcode 9.3";
			developmentRegion = en;
			hasScannedForEncodings = 0;
			knownRegions = (
				en,
				Base,
			);
			mainGroup = EE1963D6261CD033003C6DF8;
			productRefGroup = EE1963E0261CD033003C6DF8 /* Products */;
			projectDirPath = "";
			projectRoot = "";
			targets = (
				EE1963DE261CD033003C6DF8 /* Personal Quiz */,
			);
		};
/* End PBXProject section */

/* Begin PBXResourcesBuildPhase section */
		EE1963DD261CD033003C6DF8 /* Resources */ = {
			isa = PBXResourcesBuildPhase;
			buildActionMask = 2147483647;
			files = (
				EE1963EF261CD036003C6DF8 /* LaunchScreen.storyboard in Resources */,
				EE1963EC261CD036003C6DF8 /* Assets.xcassets in Resources */,
				EE1963EA261CD033003C6DF8 /* Main.storyboard in Resources */,
			);
			runOnlyForDeploymentPostprocessing = 0;
		};
/* End PBXResourcesBuildPhase section */

/* Begin PBXSourcesBuildPhase section */
		EE1963DB261CD033003C6DF8 /* Sources */ = {
			isa = PBXSourcesBuildPhase;
			buildActionMask = 2147483647;
			files = (
				EE1963E7261CD033003C6DF8 /* ViewController.swift in Sources */,
				EE196402261CE24A003C6DF8 /* Question.swift in Sources */,
				EE1963E3261CD033003C6DF8 /* AppDelegate.swift in Sources */,
				EE1963E5261CD033003C6DF8 /* SceneDelegate.swift in Sources */,
			);
			runOnlyForDeploymentPostprocessing = 0;
		};
/* End PBXSourcesBuildPhase section */

/* Begin PBXVariantGroup section */
		EE1963E8261CD033003C6DF8 /* Main.storyboard */ = {
			isa = PBXVariantGroup;
			children = (
				EE1963E9261CD033003C6DF8 /* Base */,
			);
			name = Main.storyboard;
			sourceTree = "<group>";
		};
		EE1963ED261CD036003C6DF8 /* LaunchScreen.storyboard */ = {
			isa = PBXVariantGroup;
			children = (
				EE1963EE261CD036003C6DF8 /* Base */,
			);
			name = LaunchScreen.storyboard;
			sourceTree = "<group>";
		};
/* End PBXVariantGroup section */

/* Begin XCBuildConfiguration section */
		EE1963F1261CD036003C6DF8 /* Debug */ = {
			isa = XCBuildConfiguration;
			buildSettings = {
				ALWAYS_SEARCH_USER_PATHS = NO;
				CLANG_ANALYZER_NONNULL = YES;
				CLANG_ANALYZER_NUMBER_OBJECT_CONVERSION = YES_AGGRESSIVE;
				CLANG_CXX_LANGUAGE_STANDARD = "gnu++14";
				CLANG_CXX_LIBRARY = "libc++";
				CLANG_ENABLE_MODULES = YES;
				CLANG_ENABLE_OBJC_ARC = YES;
				CLANG_ENABLE_OBJC_WEAK = YES;
				CLANG_WARN_BLOCK_CAPTURE_AUTORELEASING = YES;
				CLANG_WARN_BOOL_CONVERSION = YES;
				CLANG_WARN_COMMA = YES;
				CLANG_WARN_CONSTANT_CONVERSION = YES;
				CLANG_WARN_DEPRECATED_OBJC_IMPLEMENTATIONS = YES;
				CLANG_WARN_DIRECT_OBJC_ISA_USAGE = YES_ERROR;
				CLANG_WARN_DOCUMENTATION_COMMENTS = YES;
				CLANG_WARN_EMPTY_BODY = YES;
				CLANG_WARN_ENUM_CONVERSION = YES;
				CLANG_WARN_INFINITE_RECURSION = YES;
				CLANG_WARN_INT_CONVERSION = YES;
				CLANG_WARN_NON_LITERAL_NULL_CONVERSION = YES;
				CLANG_WARN_OBJC_IMPLICIT_RETAIN_SELF = YES;
				CLANG_WARN_OBJC_LITERAL_CONVERSION = YES;
				CLANG_WARN_OBJC_ROOT_CLASS = YES_ERROR;
				CLANG_WARN_QUOTED_INCLUDE_IN_FRAMEWORK_HEADER = YES;
				CLANG_WARN_RANGE_LOOP_ANALYSIS = YES;
				CLANG_WARN_STRICT_PROTOTYPES = YES;
				CLANG_WARN_SUSPICIOUS_MOVE = YES;
				CLANG_WARN_UNGUARDED_AVAILABILITY = YES_AGGRESSIVE;
				CLANG_WARN_UNREACHABLE_CODE = YES;
				CLANG_WARN__DUPLICATE_METHOD_MATCH = YES;
				COPY_PHASE_STRIP = NO;
				DEBUG_INFORMATION_FORMAT = dwarf;
				ENABLE_STRICT_OBJC_MSGSEND = YES;
				ENABLE_TESTABILITY = YES;
				GCC_C_LANGUAGE_STANDARD = gnu11;
				GCC_DYNAMIC_NO_PIC = NO;
				GCC_NO_COMMON_BLOCKS = YES;
				GCC_OPTIMIZATION_LEVEL = 0;
				GCC_PREPROCESSOR_DEFINITIONS = (
					"DEBUG=1",
					"$(inherited)",
				);
				GCC_WARN_64_TO_32_BIT_CONVERSION = YES;
				GCC_WARN_ABOUT_RETURN_TYPE = YES_ERROR;
				GCC_WARN_UNDECLARED_SELECTOR = YES;
				GCC_WARN_UNINITIALIZED_AUTOS = YES_AGGRESSIVE;
				GCC_WARN_UNUSED_FUNCTION = YES;
				GCC_WARN_UNUSED_VARIABLE = YES;
				IPHONEOS_DEPLOYMENT_TARGET = 14.4;
				MTL_ENABLE_DEBUG_INFO = INCLUDE_SOURCE;
				MTL_FAST_MATH = YES;
				ONLY_ACTIVE_ARCH = YES;
				SDKROOT = iphoneos;
				SWIFT_ACTIVE_COMPILATION_CONDITIONS = DEBUG;
				SWIFT_OPTIMIZATION_LEVEL = "-Onone";
			};
			name = Debug;
		};
		EE1963F2261CD036003C6DF8 /* Release */ = {
			isa = XCBuildConfiguration;
			buildSettings = {
				ALWAYS_SEARCH_USER_PATHS = NO;
				CLANG_ANALYZER_NONNULL = YES;
				CLANG_ANALYZER_NUMBER_OBJECT_CONVERSION = YES_AGGRESSIVE;
				CLANG_CXX_LANGUAGE_STANDARD = "gnu++14";
				CLANG_CXX_LIBRARY = "libc++";
				CLANG_ENABLE_MODULES = YES;
				CLANG_ENABLE_OBJC_ARC = YES;
				CLANG_ENABLE_OBJC_WEAK = YES;
				CLANG_WARN_BLOCK_CAPTURE_AUTORELEASING = YES;
				CLANG_WARN_BOOL_CONVERSION = YES;
				CLANG_WARN_COMMA = YES;
				CLANG_WARN_CONSTANT_CONVERSION = YES;
				CLANG_WARN_DEPRECATED_OBJC_IMPLEMENTATIONS = YES;
				CLANG_WARN_DIRECT_OBJC_ISA_USAGE = YES_ERROR;
				CLANG_WARN_DOCUMENTATION_COMMENTS = YES;
				CLANG_WARN_EMPTY_BODY = YES;
				CLANG_WARN_ENUM_CONVERSION = YES;
				CLANG_WARN_INFINITE_RECURSION = YES;
				CLANG_WARN_INT_CONVERSION = YES;
				CLANG_WARN_NON_LITERAL_NULL_CONVERSION = YES;
				CLANG_WARN_OBJC_IMPLICIT_RETAIN_SELF = YES;
				CLANG_WARN_OBJC_LITERAL_CONVERSION = YES;
				CLANG_WARN_OBJC_ROOT_CLASS = YES_ERROR;
				CLANG_WARN_QUOTED_INCLUDE_IN_FRAMEWORK_HEADER = YES;
				CLANG_WARN_RANGE_LOOP_ANALYSIS = YES;
				CLANG_WARN_STRICT_PROTOTYPES = YES;
				CLANG_WARN_SUSPICIOUS_MOVE = YES;
				CLANG_WARN_UNGUARDED_AVAILABILITY = YES_AGGRESSIVE;
				CLANG_WARN_UNREACHABLE_CODE = YES;
				CLANG_WARN__DUPLICATE_METHOD_MATCH = YES;
				COPY_PHASE_STRIP = NO;
				DEBUG_INFORMATION_FORMAT = "dwarf-with-dsym";
				ENABLE_NS_ASSERTIONS = NO;
				ENABLE_STRICT_OBJC_MSGSEND = YES;
				GCC_C_LANGUAGE_STANDARD = gnu11;
				GCC_NO_COMMON_BLOCKS = YES;
				GCC_WARN_64_TO_32_BIT_CONVERSION = YES;
				GCC_WARN_ABOUT_RETURN_TYPE = YES_ERROR;
				GCC_WARN_UNDECLARED_SELECTOR = YES;
				GCC_WARN_UNINITIALIZED_AUTOS = YES_AGGRESSIVE;
				GCC_WARN_UNUSED_FUNCTION = YES;
				GCC_WARN_UNUSED_VARIABLE = YES;
				IPHONEOS_DEPLOYMENT_TARGET = 14.4;
				MTL_ENABLE_DEBUG_INFO = NO;
				MTL_FAST_MATH = YES;
				SDKROOT = iphoneos;
				SWIFT_COMPILATION_MODE = wholemodule;
				SWIFT_OPTIMIZATION_LEVEL = "-O";
				VALIDATE_PRODUCT = YES;
			};
			name = Release;
		};
		EE1963F4261CD036003C6DF8 /* Debug */ = {
			isa = XCBuildConfiguration;
			buildSettings = {
				ASSETCATALOG_COMPILER_APPICON_NAME = AppIcon;
				ASSETCATALOG_COMPILER_GLOBAL_ACCENT_COLOR_NAME = AccentColor;
				CODE_SIGN_STYLE = Automatic;
				INFOPLIST_FILE = "Personal Quiz/Supports/Info.plist";
				LD_RUNPATH_SEARCH_PATHS = (
					"$(inherited)",
					"@executable_path/Frameworks",
				);
				PRODUCT_BUNDLE_IDENTIFIER = "GE-Developer.Personal-Quiz";
				PRODUCT_NAME = "$(TARGET_NAME)";
				SWIFT_VERSION = 5.0;
				TARGETED_DEVICE_FAMILY = 1;
			};
			name = Debug;
		};
		EE1963F5261CD036003C6DF8 /* Release */ = {
			isa = XCBuildConfiguration;
			buildSettings = {
				ASSETCATALOG_COMPILER_APPICON_NAME = AppIcon;
				ASSETCATALOG_COMPILER_GLOBAL_ACCENT_COLOR_NAME = AccentColor;
				CODE_SIGN_STYLE = Automatic;
				INFOPLIST_FILE = "Personal Quiz/Supports/Info.plist";
				LD_RUNPATH_SEARCH_PATHS = (
					"$(inherited)",
					"@executable_path/Frameworks",
				);
				PRODUCT_BUNDLE_IDENTIFIER = "GE-Developer.Personal-Quiz";
				PRODUCT_NAME = "$(TARGET_NAME)";
				SWIFT_VERSION = 5.0;
				TARGETED_DEVICE_FAMILY = 1;
			};
			name = Release;
		};
/* End XCBuildConfiguration section */

/* Begin XCConfigurationList section */
		EE1963DA261CD033003C6DF8 /* Build configuration list for PBXProject "Personal Quiz" */ = {
			isa = XCConfigurationList;
			buildConfigurations = (
				EE1963F1261CD036003C6DF8 /* Debug */,
				EE1963F2261CD036003C6DF8 /* Release */,
			);
			defaultConfigurationIsVisible = 0;
			defaultConfigurationName = Release;
		};
		EE1963F3261CD036003C6DF8 /* Build configuration list for PBXNativeTarget "Personal Quiz" */ = {
			isa = XCConfigurationList;
			buildConfigurations = (
				EE1963F4261CD036003C6DF8 /* Debug */,
				EE1963F5261CD036003C6DF8 /* Release */,
			);
			defaultConfigurationIsVisible = 0;
			defaultConfigurationName = Release;
		};
/* End XCConfigurationList section */
	};
	rootObject = EE1963D7261CD033003C6DF8 /* Project object */;
}
